{
  "name": "stayrank-mcp",
  "version": "1.0.0",
  "lockfileVersion": 3,
  "requires": true,
  "packages": {
    "": {
      "name": "stayrank-mcp",
      "version": "1.0.0",
      "license": "MIT",
      "devDependencies": {
        "@anthropic-ai/claude-code": "2.1.293"
      },
      "engines": {
        "node": ">=22"
      }
    },
    "node_modules/@anthropic-ai/claude-code": {
      "version": "2.1.293",
      "resolved": "https://registry.npmjs.org/@anthropic-ai/claude-code/-/claude-code-2.1.293.tgz",
      "integrity": "sha512-PfPSvsd0zH1R1NhLKLebYdEXg/KcGCXc7LBntE186EWuZtBXa7sMnBqs0/uW/BvzkBEfHKqww/WbK/kMAk0TXg==",
      "dev": true,
      "hasInstallScript": true,
      "license": "SEE LICENSE IN README.md",
      "bin": {
        "claude": "bin/claude.exe"
      },
      "engines": {
        "node": ">=22.0.0"
      },
      "optionalDependencies": {
        "@anthropic-ai/claude-code-darwin-arm64": "2.1.293",
        "@anthropic-ai/claude-code-darwin-x64": "2.1.293",
        "@anthropic-ai/claude-code-linux-arm64": "2.1.293",
        "@anthropic-ai/claude-code-linux-arm64-musl": "2.1.293",
        "@anthropic-ai/claude-code-linux-x64": "2.1.293",
        "@anthropic-ai/claude-code-linux-x64-musl": "2.1.293",
        "@anthropic-ai/claude-code-win32-arm64": "2.1.293",
        "@anthropic-ai/claude-code-win32-x64": "2.1.293"
      }
    },
    "node_modules/@anthropic-ai/claude-code-darwin-arm64": {
      "version": "2.1.293",
      "resolved": "https://registry.npmjs.org/@anthropic-ai/claude-code-darwin-arm64/-/claude-code-darwin-arm64-2.1.293.tgz",
      "integrity": "sha512-NevSLSNuN9duHsTTmVI6/DIb5kQG9Nj2nZftakmBrjfLu/om5eCOtb/zv2QFXuW8oA17fze6l7v7wI9wzjRsPw==",
      "cpu": [
        "arm64"
      ],
      "dev": true,
      "license": "SEE LICENSE IN LICENSE.md",
      "optional": true,
      "os": [
        "darwin"
      ]
    },
    "node_modules/@anthropic-ai/claude-code-darwin-x64": {
      "version": "2.1.293",
      "resolved": "https://registry.npmjs.org/@anthropic-ai/claude-code-darwin-x64/-/claude-code-darwin-x64-2.1.293.tgz",
      "integrity": "sha512-5kpCmj3S1HB864JTFnmHjvUsjaycUHALtQ8QmVi7TbgR5X3hUEWuk5HhwXQyD103hqSghwTy2EhrAt8q8iKFFQ==",
      "cpu": [
        "x64"
      ],
      "dev": true,
      "license": "SEE LICENSE IN LICENSE.md",
      "optional": true,
      "os": [
        "darwin"
      ]
    },
    "node_modules/@anthropic-ai/claude-code-linux-arm64": {
      "version": "2.1.293",
      "resolved": "https://registry.npmjs.org/@anthropic-ai/claude-code-linux-arm64/-/claude-code-linux-arm64-2.1.293.tgz",
      "integrity": "sha512-cTtIjy1TR2/E4jzh8jEPwkd7MoJTaCVRItsLQtVUKf/2DZSDLnA1x5G9WzwkgNQgmJHntbOrd1YSetjmZMV9og==",
      "cpu": [
        "arm64"
      ],
      "dev": true,
      "license": "SEE LICENSE IN LICENSE.md",
      "optional": true,
      "os": [
        "linux"
      ]
    },
    "node_modules/@anthropic-ai/claude-code-linux-arm64-musl": {
      "version": "2.1.293",
      "resolved": "https://registry.npmjs.org/@anthropic-ai/claude-code-linux-arm64-musl/-/claude-code-linux-arm64-musl-2.1.293.tgz",
      "integrity": "sha512-Soj+35FpjSwRVzsTjUB6lzXYGMuQYDTxZz5+wXJ13VFKVa3//sGvVaaiHtHJsfqG6X6j0Jq2A7zhc7nZTjoZGA==",
      "cpu": [
        "arm64"
      ],
      "dev": true,
      "license": "SEE LICENSE IN LICENSE.md",
      "optional": true,
      "os": [
        "linux"
      ]
    },
    "node_modules/@anthropic-ai/claude-code-linux-x64": {
      "version": "2.1.293",
      "resolved": "https://registry.npmjs.org/@anthropic-ai/claude-code-linux-x64/-/claude-code-linux-x64-2.1.293.tgz",
      "integrity": "sha512-tYTbeVuhqD0TW2WJs90Tq+JaKLLnrX5JuxYTLG3pxf4Vr3QMonqsMLu4hZkgVSfEDPZhneFuDDgULQ3/FZzAIw==",
      "cpu": [
        "x64"
      ],
      "dev": true,
      "license": "SEE LICENSE IN LICENSE.md",
      "optional": true,
      "os": [
        "linux"
      ]
    },
    "node_modules/@anthropic-ai/claude-code-linux-x64-musl": {
      "version": "2.1.293",
      "resolved": "https://registry.npmjs.org/@anthropic-ai/claude-code-linux-x64-musl/-/claude-code-linux-x64-musl-2.1.293.tgz",
      "integrity": "sha512-Vdp1mcPxCpRMxH9M6DyLFweKdg5vklsNsX3K/JiphrmK2wzqca1U+kfbkLG+lDVA9ozfIzAuO2oyIf3LxolUrQ==",
      "cpu": [
        "x64"
      ],
      "dev": true,
      "license": "SEE LICENSE IN LICENSE.md",
      "optional": true,
      "os": [
        "linux"
      ]
    },
    "node_modules/@anthropic-ai/claude-code-win32-arm64": {
      "version": "2.1.293",
      "resolved": "https://registry.npmjs.org/@anthropic-ai/claude-code-win32-arm64/-/claude-code-win32-arm64-2.1.293.tgz",
      "integrity": "sha512-TBSn/TMpVehGBWuuJg2Zlj7hYJHetl+ZjGyPIq7baZJOjmUKjUdL3y3oJixHLSkGem3SWQAx3yW/qm6SbxnwUg==",
      "cpu": [
        "arm64"
      ],
      "dev": true,
      "license": "SEE LICENSE IN LICENSE.md",
      "optional": true,
      "os": [
        "win32"
      ]
    },
    "node_modules/@anthropic-ai/claude-code-win32-x64": {
      "version": "2.1.293",
      "resolved": "https://registry.npmjs.org/@anthropic-ai/claude-code-win32-x64/-/claude-code-win32-x64-2.1.293.tgz",
      "integrity": "sha512-1ScFAZD/WjikpmWqHG6caC0XvX+msdtBWq2NGdt51LGIaz1/12/fcM08tOkrI32hsvaFQwFdG33/ydXQg78qfg==",
      "cpu": [
        "x64"
      ],
      "dev": true,
      "license": "SEE LICENSE IN LICENSE.md",
      "optional": true,
      "os": [
        "win32"
      ]
    }
  }
}
